
Microsoft Visual Studio Solution File, Format Version 12.00
# Visual Studio Version 17
VisualStudioVersion = 17.8.34525.116
MinimumVisualStudioVersion = 10.0.40219.1
Project("{9A19103F-16F7-4668-BE54-9A1E7A4F7556}") = "TileServerApi", "TileServerApi\TileServerApi.csproj", "{CBC48C38-C620-4D55-B60B-3E10A09988D6}"
EndProject
Project("{9A19103F-16F7-4668-BE54-9A1E7A4F7556}") = "TileProxyServer", "TileProxyServer\TileProxyServer.csproj", "{52222E85-A5CC-443C-97A2-26CF3D92A0EB}"
EndProject
Project("{9A19103F-16F7-4668-BE54-9A1E7A4F7556}") = "Domain", "Model\Domain.csproj", "{255FD6E7-0235-41FD-8AA6-8CB8473D9A46}"
EndProject
Project("{FAE04EC0-301F-11D3-BF4B-00C04F79EFBC}") = "Application", "Application\Application.csproj", "{A03C0516-A9D7-4A80-BFC0-56F24D5E6F9F}"
EndProject
Project("{FAE04EC0-301F-11D3-BF4B-00C04F79EFBC}") = "Application.Contracts", "Application.Contracts\Application.Contracts.csproj", "{429775E8-2CE3-464D-BD68-EDF8257746CE}"
EndProject
Project("{FAE04EC0-301F-11D3-BF4B-00C04F79EFBC}") = "Repository", "Repository\Repository.csproj", "{3F379571-A64D-49AC-9C06-9ADCC80353A9}"
EndProject
Global
	GlobalSection(SolutionConfigurationPlatforms) = preSolution
		Debug|Any CPU = Debug|Any CPU
		Release|Any CPU = Release|Any CPU
	EndGlobalSection
	GlobalSection(ProjectConfigurationPlatforms) = postSolution
		{CBC48C38-C620-4D55-B60B-3E10A09988D6}.Debug|Any CPU.ActiveCfg = Debug|Any CPU
		{CBC48C38-C620-4D55-B60B-3E10A09988D6}.Debug|Any CPU.Build.0 = Debug|Any CPU
		{CBC48C38-C620-4D55-B60B-3E10A09988D6}.Release|Any CPU.ActiveCfg = Release|Any CPU
		{CBC48C38-C620-4D55-B60B-3E10A09988D6}.Release|Any CPU.Build.0 = Release|Any CPU
		{52222E85-A5CC-443C-97A2-26CF3D92A0EB}.Debug|Any CPU.ActiveCfg = Debug|Any CPU
		{52222E85-A5CC-443C-97A2-26CF3D92A0EB}.Debug|Any CPU.Build.0 = Debug|Any CPU
		{52222E85-A5CC-443C-97A2-26CF3D92A0EB}.Release|Any CPU.ActiveCfg = Release|Any CPU
		{52222E85-A5CC-443C-97A2-26CF3D92A0EB}.Release|Any CPU.Build.0 = Release|Any CPU
		{255FD6E7-0235-41FD-8AA6-8CB8473D9A46}.Debug|Any CPU.ActiveCfg = Debug|Any CPU
		{255FD6E7-0235-41FD-8AA6-8CB8473D9A46}.Debug|Any CPU.Build.0 = Debug|Any CPU
		{255FD6E7-0235-41FD-8AA6-8CB8473D9A46}.Release|Any CPU.ActiveCfg = Release|Any CPU
		{255FD6E7-0235-41FD-8AA6-8CB8473D9A46}.Release|Any CPU.Build.0 = Release|Any CPU
		{A03C0516-A9D7-4A80-BFC0-56F24D5E6F9F}.Debug|Any CPU.ActiveCfg = Debug|Any CPU
		{A03C0516-A9D7-4A80-BFC0-56F24D5E6F9F}.Debug|Any CPU.Build.0 = Debug|Any CPU
		{A03C0516-A9D7-4A80-BFC0-56F24D5E6F9F}.Release|Any CPU.ActiveCfg = Release|Any CPU
		{A03C0516-A9D7-4A80-BFC0-56F24D5E6F9F}.Release|Any CPU.Build.0 = Release|Any CPU
		{429775E8-2CE3-464D-BD68-EDF8257746CE}.Debug|Any CPU.ActiveCfg = Debug|Any CPU
		{429775E8-2CE3-464D-BD68-EDF8257746CE}.Debug|Any CPU.Build.0 = Debug|Any CPU
		{429775E8-2CE3-464D-BD68-EDF8257746CE}.Release|Any CPU.ActiveCfg = Release|Any CPU
		{429775E8-2CE3-464D-BD68-EDF8257746CE}.Release|Any CPU.Build.0 = Release|Any CPU
		{3F379571-A64D-49AC-9C06-9ADCC80353A9}.Debug|Any CPU.ActiveCfg = Debug|Any CPU
		{3F379571-A64D-49AC-9C06-9ADCC80353A9}.Debug|Any CPU.Build.0 = Debug|Any CPU
		{3F379571-A64D-49AC-9C06-9ADCC80353A9}.Release|Any CPU.ActiveCfg = Release|Any CPU
		{3F379571-A64D-49AC-9C06-9ADCC80353A9}.Release|Any CPU.Build.0 = Release|Any CPU
	EndGlobalSection
	GlobalSection(SolutionProperties) = preSolution
		HideSolutionNode = FALSE
	EndGlobalSection
	GlobalSection(ExtensibilityGlobals) = postSolution
		SolutionGuid = {D5398125-1081-4943-8822-C32B2DA16535}
	EndGlobalSection
EndGlobal
